
Microsoft Visual Studio Solution File, Format Version 12.00
# Visual Studio 15
VisualStudioVersion = 15.0.27130.2027
MinimumVisualStudioVersion = 10.0.40219.1
Project("{FAE04EC0-301F-11D3-BF4B-00C04F79EFBC}") = "Skyling.Core", "Skyling.Core\Skyling.Core.csproj", "{409A7632-B9EE-4825-83A6-96EC4B66FF8A}"
EndProject
Project("{FAE04EC0-301F-11D3-BF4B-00C04F79EFBC}") = "Skyling.Sandbox", "Skyling.Sandbox\Skyling.Sandbox.csproj", "{A7E0FF7C-CBD3-42C9-A389-6D268A45E18C}"
EndProject
Global
	GlobalSection(SolutionConfigurationPlatforms) = preSolution
		Debug|Any CPU = Debug|Any CPU
		Debug|x64 = Debug|x64
		Debug|x86 = Debug|x86
		Release|Any CPU = Release|Any CPU
		Release|x64 = Release|x64
		Release|x86 = Release|x86
	EndGlobalSection
	GlobalSection(ProjectConfigurationPlatforms) = postSolution
		{409A7632-B9EE-4825-83A6-96EC4B66FF8A}.Debug|Any CPU.ActiveCfg = Debug|Any CPU
		{409A7632-B9EE-4825-83A6-96EC4B66FF8A}.Debug|Any CPU.Build.0 = Debug|Any CPU
		{409A7632-B9EE-4825-83A6-96EC4B66FF8A}.Debug|x64.ActiveCfg = Debug|Any CPU
		{409A7632-B9EE-4825-83A6-96EC4B66FF8A}.Debug|x64.Build.0 = Debug|Any CPU
		{409A7632-B9EE-4825-83A6-96EC4B66FF8A}.Debug|x86.ActiveCfg = Debug|Any CPU
		{409A7632-B9EE-4825-83A6-96EC4B66FF8A}.Debug|x86.Build.0 = Debug|Any CPU
		{409A7632-B9EE-4825-83A6-96EC4B66FF8A}.Release|Any CPU.ActiveCfg = Release|Any CPU
		{409A7632-B9EE-4825-83A6-96EC4B66FF8A}.Release|Any CPU.Build.0 = Release|Any CPU
		{409A7632-B9EE-4825-83A6-96EC4B66FF8A}.Release|x64.ActiveCfg = Release|Any CPU
		{409A7632-B9EE-4825-83A6-96EC4B66FF8A}.Release|x64.Build.0 = Release|Any CPU
		{409A7632-B9EE-4825-83A6-96EC4B66FF8A}.Release|x86.ActiveCfg = Release|Any CPU
		{409A7632-B9EE-4825-83A6-96EC4B66FF8A}.Release|x86.Build.0 = Release|Any CPU
		{A7E0FF7C-CBD3-42C9-A389-6D268A45E18C}.Debug|Any CPU.ActiveCfg = Debug|Any CPU
		{A7E0FF7C-CBD3-42C9-A389-6D268A45E18C}.Debug|Any CPU.Build.0 = Debug|Any CPU
		{A7E0FF7C-CBD3-42C9-A389-6D268A45E18C}.Debug|x64.ActiveCfg = Debug|Any CPU
		{A7E0FF7C-CBD3-42C9-A389-6D268A45E18C}.Debug|x64.Build.0 = Debug|Any CPU
		{A7E0FF7C-CBD3-42C9-A389-6D268A45E18C}.Debug|x86.ActiveCfg = Debug|Any CPU
		{A7E0FF7C-CBD3-42C9-A389-6D268A45E18C}.Debug|x86.Build.0 = Debug|Any CPU
		{A7E0FF7C-CBD3-42C9-A389-6D268A45E18C}.Release|Any CPU.ActiveCfg = Release|Any CPU
		{A7E0FF7C-CBD3-42C9-A389-6D268A45E18C}.Release|Any CPU.Build.0 = Release|Any CPU
		{A7E0FF7C-CBD3-42C9-A389-6D268A45E18C}.Release|x64.ActiveCfg = Release|Any CPU
		{A7E0FF7C-CBD3-42C9-A389-6D268A45E18C}.Release|x64.Build.0 = Release|Any CPU
		{A7E0FF7C-CBD3-42C9-A389-6D268A45E18C}.Release|x86.ActiveCfg = Release|Any CPU
		{A7E0FF7C-CBD3-42C9-A389-6D268A45E18C}.Release|x86.Build.0 = Release|Any CPU
	EndGlobalSection
	GlobalSection(SolutionProperties) = preSolution
		HideSolutionNode = FALSE
	EndGlobalSection
	GlobalSection(ExtensibilityGlobals) = postSolution
		SolutionGuid = {6D3CC9A5-7BEF-4DBA-B20C-BC8DFAEDACB2}
	EndGlobalSection
EndGlobal
